// !$*UTF8*$!
{
	archiveVersion = 1;
	classes = {
	};
	objectVersion = 77;
	objects = {

/* Begin PBXBuildFile section */
		06E0A788D78240BDCB82991B /* Word.swift in Sources */ = {isa = PBXBuildFile; fileRef = F20D6FC7377F288CB225A31D /* Word.swift */; };
		15D9FD912409FAA7B8C8BBA5 /* IBMPlexMono-Italic.ttf in Resources */ = {isa = PBXBuildFile; fileRef = CF68883246B75C740A077DE5 /* IBMPlexMono-Italic.ttf */; };
		25DAFFECAB09F6B5EC36E5BB /* StarterWordSeeder.swift in Sources */ = {isa = PBXBuildFile; fileRef = B82F7FB880534DFD0223CDD3 /* StarterWordSeeder.swift */; };
		2E1252D421A6995257AF8BD8 /* LanguageCatalogTests.swift in Sources */ = {isa = PBXBuildFile; fileRef = 1AB6442CBEB95985C3727EA0 /* LanguageCatalogTests.swift */; };
		5369F1931F392BE6A9BBE452 /* DictionarySuggestionTests.swift in Sources */ = {isa = PBXBuildFile; fileRef = 209B3AE91E16ED6FC3609B07 /* DictionarySuggestionTests.swift */; };
		5B58B7799A0ED2790851C89C /* LanguageCatalog.swift in Sources */ = {isa = PBXBuildFile; fileRef = F929198CF29D96AC4CEA49FB /* LanguageCatalog.swift */; };
		5FE94024F101E8384F864C5C /* Font+Fraunces.swift in Sources */ = {isa = PBXBuildFile; fileRef = 78FC58D14322AE6359A08AB1 /* Font+Fraunces.swift */; };
		65A296DA0767585FE7B74619 /* ReviewView.swift in Sources */ = {isa = PBXBuildFile; fileRef = 5E2B64CD2B11603EBEE5934F /* ReviewView.swift */; };
		6FD94D5549241BF96CD14E7A /* IBMPlexMono-Regular.ttf in Resources */ = {isa = PBXBuildFile; fileRef = 9CC57725A7360533DCA29723 /* IBMPlexMono-Regular.ttf */; };
		714397FFFA1F9689D3AEF4FB /* FlipCardView.swift in Sources */ = {isa = PBXBuildFile; fileRef = 9CC1A2146E65B8D00AAB0E37 /* FlipCardView.swift */; };
		7409591C7D59262E24B039E4 /* SpeechServiceTests.swift in Sources */ = {isa = PBXBuildFile; fileRef = D210963E9A31F62FCA2B522E /* SpeechServiceTests.swift */; };
		7812FC80EC064C6DA66ABE5C /* Palette.swift in Sources */ = {isa = PBXBuildFile; fileRef = E87AB3B6E0187B4B5CDD4710 /* Palette.swift */; };
		7E6936163B8C7887897940F9 /* FONT-LICENSES.txt in Resources */ = {isa = PBXBuildFile; fileRef = 21BE6358491D44DA950238D1 /* FONT-LICENSES.txt */; };
		880E8C739EF38D2F382CC274 /* ko.json in Resources */ = {isa = PBXBuildFile; fileRef = 18E6CE9D9A3BF3C96513A4B5 /* ko.json */; };
		8A70568A270CB12CD0917D83 /* Language.swift in Sources */ = {isa = PBXBuildFile; fileRef = 03628D0FCECF1D16A4B9127D /* Language.swift */; };
		8E9B907A32EBDCD0F30811D4 /* SpeechService.swift in Sources */ = {isa = PBXBuildFile; fileRef = BD4FFCAD2CFCB4574E79337C /* SpeechService.swift */; };
		B18A28D91ABC2A0A7089237E /* StarterWordSeederTests.swift in Sources */ = {isa = PBXBuildFile; fileRef = B40F1153762EA473E6127FF8 /* StarterWordSeederTests.swift */; };
		B8586BBFEAEFDD11E7173AED /* Languages.json in Resources */ = {isa = PBXBuildFile; fileRef = 9C3F2B9DBEB34C8E0D31095C /* Languages.json */; };
		B90E2333CB20B46AE244BD09 /* WordPersistenceTests.swift in Sources */ = {isa = PBXBuildFile; fileRef = 975B02541DDB096B0D5902ED /* WordPersistenceTests.swift */; };
		BAA10D066C94E7388F660A23 /* RecallApp.swift in Sources */ = {isa = PBXBuildFile; fileRef = E55FB9A4BE83E6136E1CEBB3 /* RecallApp.swift */; };
		F0CF44AB9DA70F54B5A6E7D8 /* zh.json in Resources */ = {isa = PBXBuildFile; fileRef = 95FB658B29416385AAC25EE5 /* zh.json */; };
		F22A532989D817006425F70F /* WordListView.swift in Sources */ = {isa = PBXBuildFile; fileRef = 8E2EC2027EA530D130F5ED6B /* WordListView.swift */; };
		F32E89D4067920B2FA756390 /* Fraunces-Italic[SOFT,WONK,opsz,wght].ttf in Resources */ = {isa = PBXBuildFile; fileRef = 24B3D145B6C3AD5BA448D7DF /* Fraunces-Italic[SOFT,WONK,opsz,wght].ttf */; };
		F9BEA8BB4F1650D10B9FA63B /* AddWordSheet.swift in Sources */ = {isa = PBXBuildFile; fileRef = BA3A51AB4312D59E82887B41 /* AddWordSheet.swift */; };
/* End PBXBuildFile section */

/* Begin PBXContainerItemProxy section */
		3CD8C3A91ECDFE33E4800573 /* PBXContainerItemProxy */ = {
			isa = PBXContainerItemProxy;
			containerPortal = 8B2E7D481A738D1E6488DE92 /* Project object */;
			proxyType = 1;
			remoteGlobalIDString = 8A1CA7FAB5EF7FFF7C657008;
			remoteInfo = Recall;
		};
/* End PBXContainerItemProxy section */

/* Begin PBXFileReference section */
		03628D0FCECF1D16A4B9127D /* Language.swift */ = {isa = PBXFileReference; lastKnownFileType = sourcecode.swift; path = Language.swift; sourceTree = "<group>"; };
		18E6CE9D9A3BF3C96513A4B5 /* ko.json */ = {isa = PBXFileReference; lastKnownFileType = text.json; path = ko.json; sourceTree = "<group>"; };
		1AB6442CBEB95985C3727EA0 /* LanguageCatalogTests.swift */ = {isa = PBXFileReference; lastKnownFileType = sourcecode.swift; path = LanguageCatalogTests.swift; sourceTree = "<group>"; };
		209B3AE91E16ED6FC3609B07 /* DictionarySuggestionTests.swift */ = {isa = PBXFileReference; lastKnownFileType = sourcecode.swift; path = DictionarySuggestionTests.swift; sourceTree = "<group>"; };
		21BE6358491D44DA950238D1 /* FONT-LICENSES.txt */ = {isa = PBXFileReference; lastKnownFileType = text; path = "FONT-LICENSES.txt"; sourceTree = "<group>"; };
		24B3D145B6C3AD5BA448D7DF /* Fraunces-Italic[SOFT,WONK,opsz,wght].ttf */ = {isa = PBXFileReference; lastKnownFileType = file; path = "Fraunces-Italic[SOFT,WONK,opsz,wght].ttf"; sourceTree = "<group>"; };
		589D612419DE8AD691D1CD7C /* Recall.app */ = {isa = PBXFileReference; includeInIndex = 0; lastKnownFileType = wrapper.application; path = Recall.app; sourceTree = BUILT_PRODUCTS_DIR; };
		5C7DCFFF6657825023FD43FA /* Info.plist */ = {isa = PBXFileReference; lastKnownFileType = text.plist; path = Info.plist; sourceTree = "<group>"; };
		5E2B64CD2B11603EBEE5934F /* ReviewView.swift */ = {isa = PBXFileReference; lastKnownFileType = sourcecode.swift; path = ReviewView.swift; sourceTree = "<group>"; };
		78FC58D14322AE6359A08AB1 /* Font+Fraunces.swift */ = {isa = PBXFileReference; lastKnownFileType = sourcecode.swift; path = "Font+Fraunces.swift"; sourceTree = "<group>"; };
		8E2EC2027EA530D130F5ED6B /* WordListView.swift */ = {isa = PBXFileReference; lastKnownFileType = sourcecode.swift; path = WordListView.swift; sourceTree = "<group>"; };
		9116D718A58EEBB60F26FCB7 /* RecallTests.xctest */ = {isa = PBXFileReference; includeInIndex = 0; lastKnownFileType = wrapper.cfbundle; path = RecallTests.xctest; sourceTree = BUILT_PRODUCTS_DIR; };
		95FB658B29416385AAC25EE5 /* zh.json */ = {isa = PBXFileReference; lastKnownFileType = text.json; path = zh.json; sourceTree = "<group>"; };
		975B02541DDB096B0D5902ED /* WordPersistenceTests.swift */ = {isa = PBXFileReference; lastKnownFileType = sourcecode.swift; path = WordPersistenceTests.swift; sourceTree = "<group>"; };
		9C3F2B9DBEB34C8E0D31095C /* Languages.json */ = {isa = PBXFileReference; lastKnownFileType = text.json; path = Languages.json; sourceTree = "<group>"; };
		9CC1A2146E65B8D00AAB0E37 /* FlipCardView.swift */ = {isa = PBXFileReference; lastKnownFileType = sourcecode.swift; path = FlipCardView.swift; sourceTree = "<group>"; };
		9CC57725A7360533DCA29723 /* IBMPlexMono-Regular.ttf */ = {isa = PBXFileReference; lastKnownFileType = file; path = "IBMPlexMono-Regular.ttf"; sourceTree = "<group>"; };
		B40F1153762EA473E6127FF8 /* StarterWordSeederTests.swift */ = {isa = PBXFileReference; lastKnownFileType = sourcecode.swift; path = StarterWordSeederTests.swift; sourceTree = "<group>"; };
		B82F7FB880534DFD0223CDD3 /* StarterWordSeeder.swift */ = {isa = PBXFileReference; lastKnownFileType = sourcecode.swift; path = StarterWordSeeder.swift; sourceTree = "<group>"; };
		BA3A51AB4312D59E82887B41 /* AddWordSheet.swift */ = {isa = PBXFileReference; lastKnownFileType = sourcecode.swift; path = AddWordSheet.swift; sourceTree = "<group>"; };
		BD4FFCAD2CFCB4574E79337C /* SpeechService.swift */ = {isa = PBXFileReference; lastKnownFileType = sourcecode.swift; path = SpeechService.swift; sourceTree = "<group>"; };
		CF68883246B75C740A077DE5 /* IBMPlexMono-Italic.ttf */ = {isa = PBXFileReference; lastKnownFileType = file; path = "IBMPlexMono-Italic.ttf"; sourceTree = "<group>"; };
		D210963E9A31F62FCA2B522E /* SpeechServiceTests.swift */ = {isa = PBXFileReference; lastKnownFileType = sourcecode.swift; path = SpeechServiceTests.swift; sourceTree = "<group>"; };
		E55FB9A4BE83E6136E1CEBB3 /* RecallApp.swift */ = {isa = PBXFileReference; lastKnownFileType = sourcecode.swift; path = RecallApp.swift; sourceTree = "<group>"; };
		E87AB3B6E0187B4B5CDD4710 /* Palette.swift */ = {isa = PBXFileReference; lastKnownFileType = sourcecode.swift; path = Palette.swift; sourceTree = "<group>"; };
		F20D6FC7377F288CB225A31D /* Word.swift */ = {isa = PBXFileReference; lastKnownFileType = sourcecode.swift; path = Word.swift; sourceTree = "<group>"; };
		F929198CF29D96AC4CEA49FB /* LanguageCatalog.swift */ = {isa = PBXFileReference; lastKnownFileType = sourcecode.swift; path = LanguageCatalog.swift; sourceTree = "<group>"; };
/* End PBXFileReference section */

/* Begin PBXGroup section */
		2398648CEC1DEFD2236E8232 /* Recall */ = {
			isa = PBXGroup;
			children = (
				5C7DCFFF6657825023FD43FA /* Info.plist */,
				E55FB9A4BE83E6136E1CEBB3 /* RecallApp.swift */,
				931E898A40959C3ABCD1A721 /* Models */,
				E93D050BB96432754097F70A /* Resources */,
				C27DF03CCE94D0F75BD428D6 /* Services */,
				D8326FE25C47C3E4FCDA3C80 /* Theme */,
				6803FD13799FE0A2F295DA2E /* Views */,
			);
			name = Recall;
			path = Sources/Recall;
			sourceTree = "<group>";
		};
		6803FD13799FE0A2F295DA2E /* Views */ = {
			isa = PBXGroup;
			children = (
				5E2B64CD2B11603EBEE5934F /* ReviewView.swift */,
				8E2EC2027EA530D130F5ED6B /* WordListView.swift */,
				934F3E718363587509E2CAE7 /* Review */,
			);
			path = Views;
			sourceTree = "<group>";
		};
		784E1900B2D339D21316C41E /* Dictionaries */ = {
			isa = PBXGroup;
			children = (
				18E6CE9D9A3BF3C96513A4B5 /* ko.json */,
				95FB658B29416385AAC25EE5 /* zh.json */,
			);
			path = Dictionaries;
			sourceTree = "<group>";
		};
		8FB9A9AFFDDAA5852104C602 /* Products */ = {
			isa = PBXGroup;
			children = (
				589D612419DE8AD691D1CD7C /* Recall.app */,
				9116D718A58EEBB60F26FCB7 /* RecallTests.xctest */,
			);
			name = Products;
			sourceTree = "<group>";
		};
		931E898A40959C3ABCD1A721 /* Models */ = {
			isa = PBXGroup;
			children = (
				03628D0FCECF1D16A4B9127D /* Language.swift */,
				F20D6FC7377F288CB225A31D /* Word.swift */,
			);
			path = Models;
			sourceTree = "<group>";
		};
		934F3E718363587509E2CAE7 /* Review */ = {
			isa = PBXGroup;
			children = (
				BA3A51AB4312D59E82887B41 /* AddWordSheet.swift */,
				9CC1A2146E65B8D00AAB0E37 /* FlipCardView.swift */,
			);
			path = Review;
			sourceTree = "<group>";
		};
		9F3DBEAA2D36FB3151663C54 /* RecallTests */ = {
			isa = PBXGroup;
			children = (
				209B3AE91E16ED6FC3609B07 /* DictionarySuggestionTests.swift */,
				1AB6442CBEB95985C3727EA0 /* LanguageCatalogTests.swift */,
				D210963E9A31F62FCA2B522E /* SpeechServiceTests.swift */,
				B40F1153762EA473E6127FF8 /* StarterWordSeederTests.swift */,
				975B02541DDB096B0D5902ED /* WordPersistenceTests.swift */,
			);
			name = RecallTests;
			path = Tests/RecallTests;
			sourceTree = "<group>";
		};
		C27DF03CCE94D0F75BD428D6 /* Services */ = {
			isa = PBXGroup;
			children = (
				F929198CF29D96AC4CEA49FB /* LanguageCatalog.swift */,
				BD4FFCAD2CFCB4574E79337C /* SpeechService.swift */,
				B82F7FB880534DFD0223CDD3 /* StarterWordSeeder.swift */,
			);
			path = Services;
			sourceTree = "<group>";
		};
		D8326FE25C47C3E4FCDA3C80 /* Theme */ = {
			isa = PBXGroup;
			children = (
				78FC58D14322AE6359A08AB1 /* Font+Fraunces.swift */,
				E87AB3B6E0187B4B5CDD4710 /* Palette.swift */,
			);
			path = Theme;
			sourceTree = "<group>";
		};
		E3D300D57C7BE46807A96B09 = {
			isa = PBXGroup;
			children = (
				2398648CEC1DEFD2236E8232 /* Recall */,
				9F3DBEAA2D36FB3151663C54 /* RecallTests */,
				8FB9A9AFFDDAA5852104C602 /* Products */,
			);
			sourceTree = "<group>";
		};
		E93D050BB96432754097F70A /* Resources */ = {
			isa = PBXGroup;
			children = (
				21BE6358491D44DA950238D1 /* FONT-LICENSES.txt */,
				9C3F2B9DBEB34C8E0D31095C /* Languages.json */,
				784E1900B2D339D21316C41E /* Dictionaries */,
				EEC5D8F8136B98E68D5C372E /* Fonts */,
			);
			path = Resources;
			sourceTree = "<group>";
		};
		EEC5D8F8136B98E68D5C372E /* Fonts */ = {
			isa = PBXGroup;
			children = (
				24B3D145B6C3AD5BA448D7DF /* Fraunces-Italic[SOFT,WONK,opsz,wght].ttf */,
				CF68883246B75C740A077DE5 /* IBMPlexMono-Italic.ttf */,
				9CC57725A7360533DCA29723 /* IBMPlexMono-Regular.ttf */,
			);
			path = Fonts;
			sourceTree = "<group>";
		};
/* End PBXGroup section */

/* Begin PBXNativeTarget section */
		3270AC3F0E3A942403899EE8 /* RecallTests */ = {
			isa = PBXNativeTarget;
			buildConfigurationList = B85EF0C0193067048A1D2645 /* Build configuration list for PBXNativeTarget "RecallTests" */;
			buildPhases = (
				0F5AA6435877027B8D8D33B9 /* Sources */,
			);
			buildRules = (
			);
			dependencies = (
				6CD6E1B4EE5CBAEC306561EA /* PBXTargetDependency */,
			);
			name = RecallTests;
			packageProductDependencies = (
			);
			productName = RecallTests;
			productReference = 9116D718A58EEBB60F26FCB7 /* RecallTests.xctest */;
			productType = "com.apple.product-type.bundle.unit-test";
		};
		8A1CA7FAB5EF7FFF7C657008 /* Recall */ = {
			isa = PBXNativeTarget;
			buildConfigurationList = DFC1D6D2A3F8F5D85E1CB54C /* Build configuration list for PBXNativeTarget "Recall" */;
			buildPhases = (
				57F579837BEFDE6CCC541D67 /* Sources */,
				F826DB7ECC59EBCF90D59356 /* Resources */,
			);
			buildRules = (
			);
			dependencies = (
			);
			name = Recall;
			packageProductDependencies = (
			);
			productName = Recall;
			productReference = 589D612419DE8AD691D1CD7C /* Recall.app */;
			productType = "com.apple.product-type.application";
		};
/* End PBXNativeTarget section */

/* Begin PBXProject section */
		8B2E7D481A738D1E6488DE92 /* Project object */ = {
			isa = PBXProject;
			attributes = {
				BuildIndependentTargetsInParallel = YES;
				LastUpgradeCheck = 1430;
				TargetAttributes = {
					8A1CA7FAB5EF7FFF7C657008 = {
						DevelopmentTeam = "";
					};
				};
			};
			buildConfigurationList = F160EB2FBD6BB340B9EC6B11 /* Build configuration list for PBXProject "Recall" */;
			developmentRegion = en;
			hasScannedForEncodings = 0;
			knownRegions = (
				Base,
				en,
			);
			mainGroup = E3D300D57C7BE46807A96B09;
			minimizedProjectReferenceProxies = 1;
			preferredProjectObjectVersion = 77;
			productRefGroup = 8FB9A9AFFDDAA5852104C602 /* Products */;
			projectDirPath = "";
			projectRoot = "";
			targets = (
				8A1CA7FAB5EF7FFF7C657008 /* Recall */,
				3270AC3F0E3A942403899EE8 /* RecallTests */,
			);
		};
/* End PBXProject section */

/* Begin PBXResourcesBuildPhase section */
		F826DB7ECC59EBCF90D59356 /* Resources */ = {
			isa = PBXResourcesBuildPhase;
			buildActionMask = 2147483647;
			files = (
				7E6936163B8C7887897940F9 /* FONT-LICENSES.txt in Resources */,
				F32E89D4067920B2FA756390 /* Fraunces-Italic[SOFT,WONK,opsz,wght].ttf in Resources */,
				15D9FD912409FAA7B8C8BBA5 /* IBMPlexMono-Italic.ttf in Resources */,
				6FD94D5549241BF96CD14E7A /* IBMPlexMono-Regular.ttf in Resources */,
				B8586BBFEAEFDD11E7173AED /* Languages.json in Resources */,
				880E8C739EF38D2F382CC274 /* ko.json in Resources */,
				F0CF44AB9DA70F54B5A6E7D8 /* zh.json in Resources */,
			);
			runOnlyForDeploymentPostprocessing = 0;
		};
/* End PBXResourcesBuildPhase section */

/* Begin PBXSourcesBuildPhase section */
		0F5AA6435877027B8D8D33B9 /* Sources */ = {
			isa = PBXSourcesBuildPhase;
			buildActionMask = 2147483647;
			files = (
				5369F1931F392BE6A9BBE452 /* DictionarySuggestionTests.swift in Sources */,
				2E1252D421A6995257AF8BD8 /* LanguageCatalogTests.swift in Sources */,
				7409591C7D59262E24B039E4 /* SpeechServiceTests.swift in Sources */,
				B18A28D91ABC2A0A7089237E /* StarterWordSeederTests.swift in Sources */,
				B90E2333CB20B46AE244BD09 /* WordPersistenceTests.swift in Sources */,
			);
			runOnlyForDeploymentPostprocessing = 0;
		};
		57F579837BEFDE6CCC541D67 /* Sources */ = {
			isa = PBXSourcesBuildPhase;
			buildActionMask = 2147483647;
			files = (
				F9BEA8BB4F1650D10B9FA63B /* AddWordSheet.swift in Sources */,
				714397FFFA1F9689D3AEF4FB /* FlipCardView.swift in Sources */,
				5FE94024F101E8384F864C5C /* Font+Fraunces.swift in Sources */,
				8A70568A270CB12CD0917D83 /* Language.swift in Sources */,
				5B58B7799A0ED2790851C89C /* LanguageCatalog.swift in Sources */,
				7812FC80EC064C6DA66ABE5C /* Palette.swift in Sources */,
				BAA10D066C94E7388F660A23 /* RecallApp.swift in Sources */,
				65A296DA0767585FE7B74619 /* ReviewView.swift in Sources */,
				8E9B907A32EBDCD0F30811D4 /* SpeechService.swift in Sources */,
				25DAFFECAB09F6B5EC36E5BB /* StarterWordSeeder.swift in Sources */,
				06E0A788D78240BDCB82991B /* Word.swift in Sources */,
				F22A532989D817006425F70F /* WordListView.swift in Sources */,
			);
			runOnlyForDeploymentPostprocessing = 0;
		};
/* End PBXSourcesBuildPhase section */

/* Begin PBXTargetDependency section */
		6CD6E1B4EE5CBAEC306561EA /* PBXTargetDependency */ = {
			isa = PBXTargetDependency;
			target = 8A1CA7FAB5EF7FFF7C657008 /* Recall */;
			targetProxy = 3CD8C3A91ECDFE33E4800573 /* PBXContainerItemProxy */;
		};
/* End PBXTargetDependency section */

/* Begin XCBuildConfiguration section */
		22E5A9A7621E27FDF6CDDCA5 /* Debug */ = {
			isa = XCBuildConfiguration;
			buildSettings = {
				BUNDLE_LOADER = "$(TEST_HOST)";
				GENERATE_INFOPLIST_FILE = YES;
				IPHONEOS_DEPLOYMENT_TARGET = 17.0;
				LD_RUNPATH_SEARCH_PATHS = (
					"$(inherited)",
					"@executable_path/Frameworks",
					"@loader_path/Frameworks",
				);
				PRODUCT_BUNDLE_IDENTIFIER = com.brianwan.RecallTests;
				SDKROOT = iphoneos;
				TARGETED_DEVICE_FAMILY = "1,2";
				TEST_HOST = "$(BUILT_PRODUCTS_DIR)/Recall.app/Recall";
			};
			name = Debug;
		};
		587B7D49A37A8EBAD3557AD8 /* Release */ = {
			isa = XCBuildConfiguration;
			buildSettings = {
				BUNDLE_LOADER = "$(TEST_HOST)";
				GENERATE_INFOPLIST_FILE = YES;
				IPHONEOS_DEPLOYMENT_TARGET = 17.0;
				LD_RUNPATH_SEARCH_PATHS = (
					"$(inherited)",
					"@executable_path/Frameworks",
					"@loader_path/Frameworks",
				);
				PRODUCT_BUNDLE_IDENTIFIER = com.brianwan.RecallTests;
				SDKROOT = iphoneos;
				TARGETED_DEVICE_FAMILY = "1,2";
				TEST_HOST = "$(BUILT_PRODUCTS_DIR)/Recall.app/Recall";
			};
			name = Release;
		};
		5C05BE411EE81AC9652F9F93 /* Release */ = {
			isa = XCBuildConfiguration;
			buildSettings = {
				ALWAYS_SEARCH_USER_PATHS = NO;
				CLANG_ANALYZER_NONNULL = YES;
				CLANG_ANALYZER_NUMBER_OBJECT_CONVERSION = YES_AGGRESSIVE;
				CLANG_CXX_LANGUAGE_STANDARD = "gnu++14";
				CLANG_CXX_LIBRARY = "libc++";
				CLANG_ENABLE_MODULES = YES;
				CLANG_ENABLE_OBJC_ARC = YES;
				CLANG_ENABLE_OBJC_WEAK = YES;
				CLANG_WARN_BLOCK_CAPTURE_AUTORELEASING = YES;
				CLANG_WARN_BOOL_CONVERSION = YES;
				CLANG_WARN_COMMA = YES;
				CLANG_WARN_CONSTANT_CONVERSION = YES;
				CLANG_WARN_DEPRECATED_OBJC_IMPLEMENTATIONS = YES;
				CLANG_WARN_DIRECT_OBJC_ISA_USAGE = YES_ERROR;
				CLANG_WARN_DOCUMENTATION_COMMENTS = YES;
				CLANG_WARN_EMPTY_BODY = YES;
				CLANG_WARN_ENUM_CONVERSION = YES;
				CLANG_WARN_INFINITE_RECURSION = YES;
				CLANG_WARN_INT_CONVERSION = YES;
				CLANG_WARN_NON_LITERAL_NULL_CONVERSION = YES;
				CLANG_WARN_OBJC_IMPLICIT_RETAIN_SELF = YES;
				CLANG_WARN_OBJC_LITERAL_CONVERSION = YES;
				CLANG_WARN_OBJC_ROOT_CLASS = YES_ERROR;
				CLANG_WARN_QUOTED_INCLUDE_IN_FRAMEWORK_HEADER = YES;
				CLANG_WARN_RANGE_LOOP_ANALYSIS = YES;
				CLANG_WARN_STRICT_PROTOTYPES = YES;
				CLANG_WARN_SUSPICIOUS_MOVE = YES;
				CLANG_WARN_UNGUARDED_AVAILABILITY = YES_AGGRESSIVE;
				CLANG_WARN_UNREACHABLE_CODE = YES;
				CLANG_WARN__DUPLICATE_METHOD_MATCH = YES;
				COPY_PHASE_STRIP = NO;
				DEBUG_INFORMATION_FORMAT = "dwarf-with-dsym";
				ENABLE_NS_ASSERTIONS = NO;
				ENABLE_STRICT_OBJC_MSGSEND = YES;
				GCC_C_LANGUAGE_STANDARD = gnu11;
				GCC_NO_COMMON_BLOCKS = YES;
				GCC_WARN_64_TO_32_BIT_CONVERSION = YES;
				GCC_WARN_ABOUT_RETURN_TYPE = YES_ERROR;
				GCC_WARN_UNDECLARED_SELECTOR = YES;
				GCC_WARN_UNINITIALIZED_AUTOS = YES_AGGRESSIVE;
				GCC_WARN_UNUSED_FUNCTION = YES;
				GCC_WARN_UNUSED_VARIABLE = YES;
				IPHONEOS_DEPLOYMENT_TARGET = 17.0;
				MTL_ENABLE_DEBUG_INFO = NO;
				MTL_FAST_MATH = YES;
				PRODUCT_NAME = "$(TARGET_NAME)";
				SDKROOT = iphoneos;
				SWIFT_COMPILATION_MODE = wholemodule;
				SWIFT_OPTIMIZATION_LEVEL = "-O";
				SWIFT_VERSION = 5.9;
			};
			name = Release;
		};
		6581C2D0C73D87341BEA84E5 /* Debug */ = {
			isa = XCBuildConfiguration;
			buildSettings = {
				ALWAYS_SEARCH_USER_PATHS = NO;
				CLANG_ANALYZER_NONNULL = YES;
				CLANG_ANALYZER_NUMBER_OBJECT_CONVERSION = YES_AGGRESSIVE;
				CLANG_CXX_LANGUAGE_STANDARD = "gnu++14";
				CLANG_CXX_LIBRARY = "libc++";
				CLANG_ENABLE_MODULES = YES;
				CLANG_ENABLE_OBJC_ARC = YES;
				CLANG_ENABLE_OBJC_WEAK = YES;
				CLANG_WARN_BLOCK_CAPTURE_AUTORELEASING = YES;
				CLANG_WARN_BOOL_CONVERSION = YES;
				CLANG_WARN_COMMA = YES;
				CLANG_WARN_CONSTANT_CONVERSION = YES;
				CLANG_WARN_DEPRECATED_OBJC_IMPLEMENTATIONS = YES;
				CLANG_WARN_DIRECT_OBJC_ISA_USAGE = YES_ERROR;
				CLANG_WARN_DOCUMENTATION_COMMENTS = YES;
				CLANG_WARN_EMPTY_BODY = YES;
				CLANG_WARN_ENUM_CONVERSION = YES;
				CLANG_WARN_INFINITE_RECURSION = YES;
				CLANG_WARN_INT_CONVERSION = YES;
				CLANG_WARN_NON_LITERAL_NULL_CONVERSION = YES;
				CLANG_WARN_OBJC_IMPLICIT_RETAIN_SELF = YES;
				CLANG_WARN_OBJC_LITERAL_CONVERSION = YES;
				CLANG_WARN_OBJC_ROOT_CLASS = YES_ERROR;
				CLANG_WARN_QUOTED_INCLUDE_IN_FRAMEWORK_HEADER = YES;
				CLANG_WARN_RANGE_LOOP_ANALYSIS = YES;
				CLANG_WARN_STRICT_PROTOTYPES = YES;
				CLANG_WARN_SUSPICIOUS_MOVE = YES;
				CLANG_WARN_UNGUARDED_AVAILABILITY = YES_AGGRESSIVE;
				CLANG_WARN_UNREACHABLE_CODE = YES;
				CLANG_WARN__DUPLICATE_METHOD_MATCH = YES;
				COPY_PHASE_STRIP = NO;
				DEBUG_INFORMATION_FORMAT = dwarf;
				ENABLE_STRICT_OBJC_MSGSEND = YES;
				ENABLE_TESTABILITY = YES;
				GCC_C_LANGUAGE_STANDARD = gnu11;
				GCC_DYNAMIC_NO_PIC = NO;
				GCC_NO_COMMON_BLOCKS = YES;
				GCC_OPTIMIZATION_LEVEL = 0;
				GCC_PREPROCESSOR_DEFINITIONS = (
					"$(inherited)",
					"DEBUG=1",
				);
				GCC_WARN_64_TO_32_BIT_CONVERSION = YES;
				GCC_WARN_ABOUT_RETURN_TYPE = YES_ERROR;
				GCC_WARN_UNDECLARED_SELECTOR = YES;
				GCC_WARN_UNINITIALIZED_AUTOS = YES_AGGRESSIVE;
				GCC_WARN_UNUSED_FUNCTION = YES;
				GCC_WARN_UNUSED_VARIABLE = YES;
				IPHONEOS_DEPLOYMENT_TARGET = 17.0;
				MTL_ENABLE_DEBUG_INFO = INCLUDE_SOURCE;
				MTL_FAST_MATH = YES;
				ONLY_ACTIVE_ARCH = YES;
				PRODUCT_NAME = "$(TARGET_NAME)";
				SDKROOT = iphoneos;
				SWIFT_ACTIVE_COMPILATION_CONDITIONS = DEBUG;
				SWIFT_OPTIMIZATION_LEVEL = "-Onone";
				SWIFT_VERSION = 5.9;
			};
			name = Debug;
		};
		E84E3AC8F2FFBF0E1D7B375A /* Debug */ = {
			isa = XCBuildConfiguration;
			buildSettings = {
				ASSETCATALOG_COMPILER_APPICON_NAME = AppIcon;
				CODE_SIGN_IDENTITY = "iPhone Developer";
				CURRENT_PROJECT_VERSION = 1;
				DEVELOPMENT_TEAM = "";
				INFOPLIST_FILE = Sources/Recall/Info.plist;
				IPHONEOS_DEPLOYMENT_TARGET = 17.0;
				LD_RUNPATH_SEARCH_PATHS = (
					"$(inherited)",
					"@executable_path/Frameworks",
				);
				MARKETING_VERSION = 1.0.0;
				PRODUCT_BUNDLE_IDENTIFIER = com.brianwan.Recall;
				SDKROOT = iphoneos;
				TARGETED_DEVICE_FAMILY = "1,2";
			};
			name = Debug;
		};
		FE110EA30F10498B7CD36934 /* Release */ = {
			isa = XCBuildConfiguration;
			buildSettings = {
				ASSETCATALOG_COMPILER_APPICON_NAME = AppIcon;
				CODE_SIGN_IDENTITY = "iPhone Developer";
				CURRENT_PROJECT_VERSION = 1;
				DEVELOPMENT_TEAM = "";
				INFOPLIST_FILE = Sources/Recall/Info.plist;
				IPHONEOS_DEPLOYMENT_TARGET = 17.0;
				LD_RUNPATH_SEARCH_PATHS = (
					"$(inherited)",
					"@executable_path/Frameworks",
				);
				MARKETING_VERSION = 1.0.0;
				PRODUCT_BUNDLE_IDENTIFIER = com.brianwan.Recall;
				SDKROOT = iphoneos;
				TARGETED_DEVICE_FAMILY = "1,2";
			};
			name = Release;
		};
/* End XCBuildConfiguration section */

/* Begin XCConfigurationList section */
		B85EF0C0193067048A1D2645 /* Build configuration list for PBXNativeTarget "RecallTests" */ = {
			isa = XCConfigurationList;
			buildConfigurations = (
				22E5A9A7621E27FDF6CDDCA5 /* Debug */,
				587B7D49A37A8EBAD3557AD8 /* Release */,
			);
			defaultConfigurationIsVisible = 0;
			defaultConfigurationName = Debug;
		};
		DFC1D6D2A3F8F5D85E1CB54C /* Build configuration list for PBXNativeTarget "Recall" */ = {
			isa = XCConfigurationList;
			buildConfigurations = (
				E84E3AC8F2FFBF0E1D7B375A /* Debug */,
				FE110EA30F10498B7CD36934 /* Release */,
			);
			defaultConfigurationIsVisible = 0;
			defaultConfigurationName = Debug;
		};
		F160EB2FBD6BB340B9EC6B11 /* Build configuration list for PBXProject "Recall" */ = {
			isa = XCConfigurationList;
			buildConfigurations = (
				6581C2D0C73D87341BEA84E5 /* Debug */,
				5C05BE411EE81AC9652F9F93 /* Release */,
			);
			defaultConfigurationIsVisible = 0;
			defaultConfigurationName = Debug;
		};
/* End XCConfigurationList section */
	};
	rootObject = 8B2E7D481A738D1E6488DE92 /* Project object */;
}
